
Microsoft Visual Studio Solution File, Format Version 12.00
# Visual Studio Version 16
VisualStudioVersion = 16.0.31313.79
MinimumVisualStudioVersion = 10.0.40219.1
Project("{FAE04EC0-301F-11D3-BF4B-00C04F79EFBC}") = "MemoryGame1", "MemoryGame1\MemoryGame1.csproj", "{F26C1056-14AB-4F87-A7F6-E384A7CBEE55}"
EndProject
Global
	GlobalSection(SolutionConfigurationPlatforms) = preSolution
		Debug|Any CPU = Debug|Any CPU
		Release|Any CPU = Release|Any CPU
	EndGlobalSection
	GlobalSection(ProjectConfigurationPlatforms) = postSolution
		{F26C1056-14AB-4F87-A7F6-E384A7CBEE55}.Debug|Any CPU.ActiveCfg = Debug|Any CPU
		{F26C1056-14AB-4F87-A7F6-E384A7CBEE55}.Debug|Any CPU.Build.0 = Debug|Any CPU
		{F26C1056-14AB-4F87-A7F6-E384A7CBEE55}.Release|Any CPU.ActiveCfg = Release|Any CPU
		{F26C1056-14AB-4F87-A7F6-E384A7CBEE55}.Release|Any CPU.Build.0 = Release|Any CPU
	EndGlobalSection
	GlobalSection(SolutionProperties) = preSolution
		HideSolutionNode = FALSE
	EndGlobalSection
	GlobalSection(ExtensibilityGlobals) = postSolution
		SolutionGuid = {DD9492B9-8E72-42E9-BCF1-E4BA0D3B6039}
	EndGlobalSection
EndGlobal
